PODS:
  - Realm (3.7.6):
    - Realm/Headers (= 3.7.6)
  - Realm/Headers (3.7.6)

DEPENDENCIES:
  - Realm
  - Realm/Headers

SPEC REPOS:
  https://github.com/cocoapods/specs.git:
    - Realm

SPEC CHECKSUMS:
  Realm: 9eaecad54712d6246d08ba34c10f354e4715d7d3

PODFILE CHECKSUM: 298ae3e20d11b1d427d24141e076b8e580b7dea7

COCOAPODS: 1.5.3
